GEM
  remote: http://rubygems.org/
  specs:
    git (1.2.5)
    jeweler (1.5.2)
      bundler (~> 1.0.0)
      git (>= 1.2.5)
      rake
    log4r (1.1.9)
    mime-types (1.16)
    rake (0.8.7)
    rcov (0.9.9)
    test-unit (2.1.2)

PLATFORMS
  ruby

DEPENDENCIES
  bundler (~> 1.0.0)
  jeweler (~> 1.5.2)
  log4r (>= 1.1.9)
  mime-types
  rcov
  test-unit
